
Microsoft Visual Studio Solution File, Format Version 12.00
# Visual Studio 15
VisualStudioVersion = 15.0.28307.1145
MinimumVisualStudioVersion = 10.0.40219.1
Project("{FAE04EC0-301F-11D3-BF4B-00C04F79EFBC}") = "TopsWMS", "TopsWMS\TopsWMS.csproj", "{35F4A8F6-0048-411C-A9A9-9A27D83F399C}"
EndProject
Project("{FAE04EC0-301F-11D3-BF4B-00C04F79EFBC}") = "Tops.FRM", "Tops.FRM\Tops.FRM.csproj", "{DA44DA61-A53C-4F13-ABCF-4C024A7CF18F}"
EndProject
Global
	GlobalSection(SolutionConfigurationPlatforms) = preSolution
		Debug|Any CPU = Debug|Any CPU
		Release|Any CPU = Release|Any CPU
	EndGlobalSection
	GlobalSection(ProjectConfigurationPlatforms) = postSolution
		{35F4A8F6-0048-411C-A9A9-9A27D83F399C}.Debug|Any CPU.ActiveCfg = Debug|Any CPU
		{35F4A8F6-0048-411C-A9A9-9A27D83F399C}.Debug|Any CPU.Build.0 = Debug|Any CPU
		{35F4A8F6-0048-411C-A9A9-9A27D83F399C}.Release|Any CPU.ActiveCfg = Release|Any CPU
		{35F4A8F6-0048-411C-A9A9-9A27D83F399C}.Release|Any CPU.Build.0 = Release|Any CPU
		{DA44DA61-A53C-4F13-ABCF-4C024A7CF18F}.Debug|Any CPU.ActiveCfg = Debug|Any CPU
		{DA44DA61-A53C-4F13-ABCF-4C024A7CF18F}.Debug|Any CPU.Build.0 = Debug|Any CPU
		{DA44DA61-A53C-4F13-ABCF-4C024A7CF18F}.Release|Any CPU.ActiveCfg = Release|Any CPU
		{DA44DA61-A53C-4F13-ABCF-4C024A7CF18F}.Release|Any CPU.Build.0 = Release|Any CPU
	EndGlobalSection
	GlobalSection(SolutionProperties) = preSolution
		HideSolutionNode = FALSE
	EndGlobalSection
	GlobalSection(ExtensibilityGlobals) = postSolution
		SolutionGuid = {811C1493-EC3C-4651-9321-791225C89EA7}
	EndGlobalSection
EndGlobal
